<?xml version="1.0" encoding="utf-8"?>
<Project ToolsVersion="4.0" xmlns="http://schemas.microsoft.com/developer/msbuild/2003">
  <ItemGroup>
    <Filter Include="Source Files">
      <UniqueIdentifier>{4FC737F1-C7A5-4376-A066-2A32D752A2FF}</UniqueIdentifier>
      <Extensions>cpp;c;cc;cxx;def;odl;idl;hpj;bat;asm;asmx</Extensions>
    </Filter>
    <Filter Include="Header Files">
      <UniqueIdentifier>{93995380-89BD-4b04-88EB-625FBE52EBFB}</UniqueIdentifier>
      <Extensions>h;hh;hpp;hxx;hm;inl;inc;xsd</Extensions>
    </Filter>
    <Filter Include="Resource Files">
      <UniqueIdentifier>{67DA6AB6-F800-4c08-8B7A-83BB121AAD01}</UniqueIdentifier>
      <Extensions>rc;ico;cur;bmp;dlg;rc2;rct;bin;rgs;gif;jpg;jpeg;jpe;resx;tiff;tif;png;wav;mfcribbon-ms</Extensions>
    </Filter>
    <Filter Include="Crap">
      <UniqueIdentifier>{c4b5c4d7-d910-45bf-8861-a10f06389dc9}</UniqueIdentifier>
    </Filter>
  </ItemGroup>
  <ItemGroup>
    <Text Include="ReadMe.txt" />
  </ItemGroup>
  <ItemGroup>
    <ClInclude Include="targetver.h">
      <Filter>Crap</Filter>
    </ClInclude>
    <ClInclude Include="stdafx.h">
      <Filter>Crap</Filter>
    </ClInclude>
    <ClInclude Include="AmazingGame.h">
      <Filter>Resource Files</Filter>
    </ClInclude>
    <ClInclude Include="main.h">
      <Filter>Resource Files</Filter>
    </ClInclude>
    <ClInclude Include="SDLFunctions.h">
      <Filter>Resource Files</Filter>
    </ClInclude>
    <ClInclude Include="Player.h">
      <Filter>Resource Files</Filter>
    </ClInclude>
    <ClInclude Include="Background.h">
      <Filter>Resource Files</Filter>
    </ClInclude>
    <ClInclude Include="Props.h">
      <Filter>Resource Files</Filter>
    </ClInclude>
    <ClInclude Include="Finish.h">
      <Filter>Resource Files</Filter>
    </ClInclude>
    <ClInclude Include="Enemies.h">
      <Filter>Resource Files</Filter>
    </ClInclude>
    <ClInclude Include="Menu.h">
      <Filter>Resource Files</Filter>
    </ClInclude>
    <ClInclude Include="LevelManager.h">
      <Filter>Resource Files</Filter>
    </ClInclude>
    <ClInclude Include="Font.h">
      <Filter>Resource Files</Filter>
    </ClInclude>
    <ClInclude Include="Sounds.h">
      <Filter>Resource Files</Filter>
    </ClInclude>
    <ClInclude Include="Ghost.h">
      <Filter>Resource Files</Filter>
    </ClInclude>
    <ClInclude Include="Spider.h">
      <Filter>Resource Files</Filter>
    </ClInclude>
    <ClInclude Include="Projectile.h">
      <Filter>Resource Files</Filter>
    </ClInclude>
    <ClInclude Include="Debug.h">
      <Filter>Resource Files</Filter>
    </ClInclude>
  </ItemGroup>
  <ItemGroup>
    <ClCompile Include="stdafx.cpp">
      <Filter>Crap</Filter>
    </ClCompile>
    <ClCompile Include="main.cpp">
      <Filter>Source Files</Filter>
    </ClCompile>
    <ClCompile Include="AmazingGame.cpp">
      <Filter>Source Files</Filter>
    </ClCompile>
    <ClCompile Include="SDLFunctions.cpp">
      <Filter>Source Files</Filter>
    </ClCompile>
    <ClCompile Include="Player.cpp">
      <Filter>Source Files</Filter>
    </ClCompile>
    <ClCompile Include="Background.cpp">
      <Filter>Source Files</Filter>
    </ClCompile>
    <ClCompile Include="Props.cpp">
      <Filter>Source Files</Filter>
    </ClCompile>
    <ClCompile Include="Finish.cpp">
      <Filter>Source Files</Filter>
    </ClCompile>
    <ClCompile Include="Enemies.cpp">
      <Filter>Source Files</Filter>
    </ClCompile>
    <ClCompile Include="Menu.cpp">
      <Filter>Source Files</Filter>
    </ClCompile>
    <ClCompile Include="LevelManager.cpp">
      <Filter>Source Files</Filter>
    </ClCompile>
    <ClCompile Include="Font.cpp">
      <Filter>Source Files</Filter>
    </ClCompile>
    <ClCompile Include="Sounds.cpp">
      <Filter>Source Files</Filter>
    </ClCompile>
    <ClCompile Include="Ghost.cpp">
      <Filter>Source Files</Filter>
    </ClCompile>
    <ClCompile Include="Spider.cpp">
      <Filter>Source Files</Filter>
    </ClCompile>
    <ClCompile Include="Projectile.cpp">
      <Filter>Source Files</Filter>
    </ClCompile>
  </ItemGroup>
</Project>